
Microsoft Visual Studio Solution File, Format Version 12.00
# Visual Studio Version 16
VisualStudioVersion = 16.0.29009.5
MinimumVisualStudioVersion = 10.0.40219.1
Project("{FAE04EC0-301F-11D3-BF4B-00C04F79EFBC}") = "MyApp", "MyApp\MyApp.csproj", "{48106A6F-6160-4B7A-89A1-2373EA9B6358}"
EndProject
Global
	GlobalSection(SolutionConfigurationPlatforms) = preSolution
		Debug|Any CPU = Debug|Any CPU
		Release|Any CPU = Release|Any CPU
	EndGlobalSection
	GlobalSection(ProjectConfigurationPlatforms) = postSolution
		{48106A6F-6160-4B7A-89A1-2373EA9B6358}.Debug|Any CPU.ActiveCfg = Debug|Any CPU
		{48106A6F-6160-4B7A-89A1-2373EA9B6358}.Debug|Any CPU.Build.0 = Debug|Any CPU
		{48106A6F-6160-4B7A-89A1-2373EA9B6358}.Release|Any CPU.ActiveCfg = Release|Any CPU
		{48106A6F-6160-4B7A-89A1-2373EA9B6358}.Release|Any CPU.Build.0 = Release|Any CPU
	EndGlobalSection
	GlobalSection(SolutionProperties) = preSolution
		HideSolutionNode = FALSE
	EndGlobalSection
	GlobalSection(ExtensibilityGlobals) = postSolution
		SolutionGuid = {04091808-9920-4C2E-896A-A6FECB4C4637}
	EndGlobalSection
EndGlobal
